{
  "name": "HermesDeck",
  "lockfileVersion": 3,
  "requires": true,
  "packages": {
    "": {
      "dependencies": {
        "@grpc/grpc-js": "^1.14.4",
        "@grpc/proto-loader": "^0.8.1"
      }
    },
    "node_modules/@grpc/grpc-js": {
      "version": "1.14.4",
      "resolved": "https://registry.npmmirror.com/@grpc/grpc-js/-/grpc-js-1.14.4.tgz",
      "integrity": "sha512-k9Dj3DV/itK9D06Y8f190Qgop7/Ui+D0njFV3LHMPwPT75DpXLQohE9Wmz0QElrJnzsjB7KPWiKJbOl7IPDArQ==",
      "license": "Apache-2.0",
      "dependencies": {
        "@grpc/proto-loader": "^0.8.0",
        "@js-sdsl/ordered-map": "^4.4.2"
      },
      "engines": {
        "node": ">=12.10.0"
      }
    },
    "node_modules/@grpc/proto-loader": {
      "version": "0.8.1",
      "resolved": "https://registry.npmmirror.com/@grpc/proto-loader/-/proto-loader-0.8.1.tgz",
      "integrity": "sha512-wtF6h+DY6M3YaDBPAmvuuA6jV8Sif9MjtOI5euKFWRgCDl5PeDpPsHR9u2l6St5ceY8AZgoNDww5+HvEsXFsGg==",
      "license": "Apache-2.0",
      "dependencies": {
        "lodash.camelcase": "^4.3.0",
        "long": "^5.0.0",
        "protobufjs": "^7.5.5",
        "yargs": "^17.7.2"
      },
      "bin": {
        "proto-loader-gen-types": "build/bin/proto-loader-gen-types.js"
      },
      "engines": {
        "node": ">=6"
      }
    },
    "node_modules/@js-sdsl/ordered-map": {
      "version": "4.4.2",
      "resolved": "https://registry.npmmirror.com/@js-sdsl/ordered-map/-/ordered-map-4.4.2.tgz",
      "integrity": "sha512-iUKgm52T8HOE/makSxjqoWhe95ZJA1/G1sYsGev2JDKUSS14KAgg1LHb+Ba+IPow0xflbnSkOsZcO08C7w1gYw==",
      "license": "MIT",
      "funding": {
        "type": "opencollective",
        "url": "https://opencollective.com/js-sdsl"
      }
    },
    "node_modules/@protobufjs/aspromise": {
      "version": "1.1.2",
      "license": "BSD-3-Clause"
    },
    "node_modules/@protobufjs/base64": {
      "version": "1.1.2",
      "license": "BSD-3-Clause"
    },
    "node_modules/@protobufjs/codegen": {
      "version": "2.0.5",
      "license": "BSD-3-Clause"
    },
    "node_modules/@protobufjs/eventemitter": {
      "version": "1.1.1",
      "license": "BSD-3-Clause"
    },
    "node_modules/@protobufjs/fetch": {
      "version": "1.1.1",
      "license": "BSD-3-Clause",
      "dependencies": {
        "@protobufjs/aspromise": "^1.1.1"
      }
    },
    "node_modules/@protobufjs/float": {
      "version": "1.0.2",
      "license": "BSD-3-Clause"
    },
    "node_modules/@protobufjs/inquire": {
      "version": "1.1.2",
      "license": "BSD-3-Clause"
    },
    "node_modules/@protobufjs/path": {
      "version": "1.1.2",
      "license": "BSD-3-Clause"
    },
    "node_modules/@protobufjs/pool": {
      "version": "1.1.0",
      "license": "BSD-3-Clause"
    },
    "node_modules/@protobufjs/utf8": {
      "version": "1.1.1",
      "license": "BSD-3-Clause"
    },
    "node_modules/@types/node": {
      "version": "25.9.1",
      "license": "MIT",
      "dependencies": {
        "undici-types": ">=7.24.0 <7.24.7"
      }
    },
    "node_modules/ansi-regex": {
      "version": "5.0.1",
      "license": "MIT",
      "engines": {
        "node": ">=8"
      }
    },
    "node_modules/ansi-styles": {
      "version": "4.3.0",
      "license": "MIT",
      "dependencies": {
        "color-convert": "^2.0.1"
      },
      "engines": {
        "node": ">=8"
      },
      "funding": {
        "url": "https://github.com/chalk/ansi-styles?sponsor=1"
      }
    },
    "node_modules/cliui": {
      "version": "8.0.1",
      "license": "ISC",
      "dependencies": {
        "string-width": "^4.2.0",
        "strip-ansi": "^6.0.1",
        "wrap-ansi": "^7.0.0"
      },
      "engines": {
        "node": ">=12"
      }
    },
    "node_modules/cliui/node_modules/is-fullwidth-code-point": {
      "version": "3.0.0",
      "license": "MIT",
      "engines": {
        "node": ">=8"
      }
    },
    "node_modules/cliui/node_modules/string-width": {
      "version": "4.2.3",
      "license": "MIT",
      "dependencies": {
        "emoji-regex": "^8.0.0",
        "is-fullwidth-code-point": "^3.0.0",
        "strip-ansi": "^6.0.1"
      },
      "engines": {
        "node": ">=8"
      }
    },
    "node_modules/cliui/node_modules/strip-ansi": {
      "version": "6.0.1",
      "license": "MIT",
      "dependencies": {
        "ansi-regex": "^5.0.1"
      },
      "engines": {
        "node": ">=8"
      }
    },
    "node_modules/cliui/node_modules/wrap-ansi": {
      "version": "7.0.0",
      "license": "MIT",
      "dependencies": {
        "ansi-styles": "^4.0.0",
        "string-width": "^4.1.0",
        "strip-ansi": "^6.0.0"
      },
      "engines": {
        "node": ">=10"
      },
      "funding": {
        "url": "https://github.com/chalk/wrap-ansi?sponsor=1"
      }
    },
    "node_modules/color-convert": {
      "version": "2.0.1",
      "license": "MIT",
      "dependencies": {
        "color-name": "~1.1.4"
      },
      "engines": {
        "node": ">=7.0.0"
      }
    },
    "node_modules/color-name": {
      "version": "1.1.4",
      "license": "MIT"
    },
    "node_modules/emoji-regex": {
      "version": "8.0.0",
      "license": "MIT"
    },
    "node_modules/escalade": {
      "version": "3.2.0",
      "license": "MIT",
      "engines": {
        "node": ">=6"
      }
    },
    "node_modules/get-caller-file": {
      "version": "2.0.5",
      "license": "ISC",
      "engines": {
        "node": "6.* || 8.* || >= 10.*"
      }
    },
    "node_modules/lodash.camelcase": {
      "version": "4.3.0",
      "resolved": "https://registry.npmmirror.com/lodash.camelcase/-/lodash.camelcase-4.3.0.tgz",
      "integrity": "sha512-TwuEnCnxbc3rAvhf/LbG7tJUDzhqXyFnv3dtzLOPgCG/hODL7WFnsbwktkD7yUV0RrreP/l1PALq/YSg6VvjlA==",
      "license": "MIT"
    },
    "node_modules/long": {
      "version": "5.3.2",
      "license": "Apache-2.0"
    },
    "node_modules/protobufjs": {
      "version": "7.6.1",
      "hasInstallScript": true,
      "license": "BSD-3-Clause",
      "dependencies": {
        "@protobufjs/aspromise": "^1.1.2",
        "@protobufjs/base64": "^1.1.2",
        "@protobufjs/codegen": "^2.0.5",
        "@protobufjs/eventemitter": "^1.1.1",
        "@protobufjs/fetch": "^1.1.1",
        "@protobufjs/float": "^1.0.2",
        "@protobufjs/inquire": "^1.1.2",
        "@protobufjs/path": "^1.1.2",
        "@protobufjs/pool": "^1.1.0",
        "@protobufjs/utf8": "^1.1.1",
        "@types/node": ">=13.7.0",
        "long": "^5.3.2"
      },
      "engines": {
        "node": ">=12.0.0"
      }
    },
    "node_modules/require-directory": {
      "version": "2.1.1",
      "license": "MIT",
      "engines": {
        "node": ">=0.10.0"
      }
    },
    "node_modules/undici-types": {
      "version": "7.24.6",
      "license": "MIT"
    },
    "node_modules/y18n": {
      "version": "5.0.8",
      "license": "ISC",
      "engines": {
        "node": ">=10"
      }
    },
    "node_modules/yargs": {
      "version": "17.7.2",
      "license": "MIT",
      "dependencies": {
        "cliui": "^8.0.1",
        "escalade": "^3.1.1",
        "get-caller-file": "^2.0.5",
        "require-directory": "^2.1.1",
        "string-width": "^4.2.3",
        "y18n": "^5.0.5",
        "yargs-parser": "^21.1.1"
      },
      "engines": {
        "node": ">=12"
      }
    },
    "node_modules/yargs-parser": {
      "version": "21.1.1",
      "license": "ISC",
      "engines": {
        "node": ">=12"
      }
    },
    "node_modules/yargs/node_modules/is-fullwidth-code-point": {
      "version": "3.0.0",
      "license": "MIT",
      "engines": {
        "node": ">=8"
      }
    },
    "node_modules/yargs/node_modules/string-width": {
      "version": "4.2.3",
      "license": "MIT",
      "dependencies": {
        "emoji-regex": "^8.0.0",
        "is-fullwidth-code-point": "^3.0.0",
        "strip-ansi": "^6.0.1"
      },
      "engines": {
        "node": ">=8"
      }
    },
    "node_modules/yargs/node_modules/strip-ansi": {
      "version": "6.0.1",
      "license": "MIT",
      "dependencies": {
        "ansi-regex": "^5.0.1"
      },
      "engines": {
        "node": ">=8"
      }
    },
    "src/context/memory/edgeclaw-memory-core": {
      "version": "0.0.0",
      "extraneous": true,
      "devDependencies": {
        "@types/node": "^22.14.1",
        "typescript": "^5.9.3"
      }
    },
    "ui": {
      "name": "pilotdeck-ui",
      "version": "0.1.0",
      "extraneous": true,
      "hasInstallScript": true,
      "dependencies": {
        "@codemirror/lang-css": "^6.3.1",
        "@codemirror/lang-html": "^6.4.9",
        "@codemirror/lang-javascript": "^6.2.4",
        "@codemirror/lang-json": "^6.0.1",
        "@codemirror/lang-markdown": "^6.3.3",
        "@codemirror/lang-python": "^6.2.1",
        "@codemirror/language": "^6.12.3",
        "@codemirror/merge": "^6.11.1",
        "@codemirror/state": "^6.6.0",
        "@codemirror/theme-one-dark": "^6.1.2",
        "@codemirror/view": "^6.43.0",
        "@fontsource-variable/inter": "^5.2.8",
        "@iarna/toml": "^2.2.5",
        "@lezer/highlight": "^1.2.3",
        "@octokit/rest": "^22.0.0",
        "@radix-ui/react-slot": "^1.2.4",
        "@replit/codemirror-minimap": "^0.5.2",
        "@tailwindcss/typography": "^0.5.16",
        "@uiw/react-codemirror": "^4.23.13",
        "@xterm/addon-clipboard": "^0.1.0",
        "@xterm/addon-fit": "^0.11.0",
        "@xterm/addon-web-links": "^0.11.0",
        "@xterm/addon-webgl": "^0.19.0",
        "@xterm/xterm": "^5.5.0",
        "bcrypt": "^6.0.0",
        "better-sqlite3": "^12.6.2",
        "chokidar": "^4.0.3",
        "class-variance-authority": "^0.7.1",
        "clsx": "^2.1.1",
        "cors": "^2.8.5",
        "cross-spawn": "^7.0.3",
        "express": "^4.18.2",
        "fuse.js": "^7.0.0",
        "gray-matter": "^4.0.3",
        "i18next": "^26.3.0",
        "i18next-browser-languagedetector": "^8.2.0",
        "jsonwebtoken": "^9.0.2",
        "jszip": "^3.10.1",
        "katex": "^0.16.25",
        "lucide-react": "^0.515.0",
        "mime-types": "^3.0.1",
        "multer": "^2.0.1",
        "node-fetch": "^2.7.0",
        "node-pty": "^1.1.0-beta34",
        "react": "^18.2.0",
        "react-dom": "^18.2.0",
        "react-dropzone": "^15.0.0",
        "react-error-boundary": "^4.1.2",
        "react-i18next": "^16.5.3",
        "react-markdown": "^10.1.0",
        "react-router-dom": "^6.8.1",
        "react-syntax-highlighter": "^15.6.1",
        "rehype-katex": "^7.0.1",
        "rehype-raw": "^7.0.0",
        "remark-gfm": "^4.0.0",
        "remark-math": "^6.0.0",
        "sqlite": "^5.1.1",
        "sqlite3": "^5.1.7",
        "tailwind-merge": "^3.3.1",
        "web-push": "^3.6.7",
        "ws": "^8.14.2",
        "yaml": "^2.8.2"
      },
      "devDependencies": {
        "@eslint/js": "^9.39.3",
        "@playwright/test": "^1.59.1",
        "@testing-library/react": "^16.3.2",
        "@types/node": "^22.19.7",
        "@types/react": "^18.2.43",
        "@types/react-dom": "^18.2.17",
        "@vitejs/plugin-react": "^4.6.0",
        "autoprefixer": "^10.4.16",
        "concurrently": "^8.2.2",
        "eslint": "^9.39.3",
        "eslint-plugin-import-x": "^4.16.1",
        "eslint-plugin-react": "^7.37.5",
        "eslint-plugin-react-hooks": "^7.0.1",
        "eslint-plugin-react-refresh": "^0.5.2",
        "eslint-plugin-tailwindcss": "^3.18.2",
        "eslint-plugin-unused-imports": "^4.4.1",
        "globals": "^17.4.0",
        "jsdom": "^29.0.2",
        "node-gyp": "^12.3.0",
        "postcss": "^8.4.32",
        "sharp": "^0.34.2",
        "tailwindcss": "^3.4.0",
        "typescript": "^5.9.3",
        "typescript-eslint": "^8.56.1",
        "vite": "^7.0.4",
        "vitest": "^4.1.4"
      }
    }
  }
}
